
Microsoft Visual Studio Solution File, Format Version 12.00
# Visual Studio Version 16
VisualStudioVersion = 16.0.31205.134
MinimumVisualStudioVersion = 10.0.40219.1
Project("{FAE04EC0-301F-11D3-BF4B-00C04F79EFBC}") = "WebSalesMvc", "WebSalesMvc\WebSalesMvc.csproj", "{B1EC141A-BBC2-4314-92CE-71EECCB1087A}"
EndProject
Global
	GlobalSection(SolutionConfigurationPlatforms) = preSolution
		Debug|Any CPU = Debug|Any CPU
		Release|Any CPU = Release|Any CPU
	EndGlobalSection
	GlobalSection(ProjectConfigurationPlatforms) = postSolution
		{B1EC141A-BBC2-4314-92CE-71EECCB1087A}.Debug|Any CPU.ActiveCfg = Debug|Any CPU
		{B1EC141A-BBC2-4314-92CE-71EECCB1087A}.Debug|Any CPU.Build.0 = Debug|Any CPU
		{B1EC141A-BBC2-4314-92CE-71EECCB1087A}.Release|Any CPU.ActiveCfg = Release|Any CPU
		{B1EC141A-BBC2-4314-92CE-71EECCB1087A}.Release|Any CPU.Build.0 = Release|Any CPU
	EndGlobalSection
	GlobalSection(SolutionProperties) = preSolution
		HideSolutionNode = FALSE
	EndGlobalSection
	GlobalSection(ExtensibilityGlobals) = postSolution
		SolutionGuid = {F1D1DC47-ED0A-4CBA-AA8B-A9984EC1EE83}
	EndGlobalSection
EndGlobal
